
Microsoft Visual Studio Solution File, Format Version 12.00
# Visual Studio 15
VisualStudioVersion = 15.0.28307.779
MinimumVisualStudioVersion = 10.0.40219.1
Project("{FAE04EC0-301F-11D3-BF4B-00C04F79EFBC}") = "Refrigerator", "Refrigerator\Refrigerator.csproj", "{3AECC8CD-2ED4-43EB-B5E6-607C2D6722B3}"
EndProject
Global
	GlobalSection(SolutionConfigurationPlatforms) = preSolution
		Debug|Any CPU = Debug|Any CPU
		Release|Any CPU = Release|Any CPU
	EndGlobalSection
	GlobalSection(ProjectConfigurationPlatforms) = postSolution
		{3AECC8CD-2ED4-43EB-B5E6-607C2D6722B3}.Debug|Any CPU.ActiveCfg = Debug|Any CPU
		{3AECC8CD-2ED4-43EB-B5E6-607C2D6722B3}.Debug|Any CPU.Build.0 = Debug|Any CPU
		{3AECC8CD-2ED4-43EB-B5E6-607C2D6722B3}.Release|Any CPU.ActiveCfg = Release|Any CPU
		{3AECC8CD-2ED4-43EB-B5E6-607C2D6722B3}.Release|Any CPU.Build.0 = Release|Any CPU
	EndGlobalSection
	GlobalSection(SolutionProperties) = preSolution
		HideSolutionNode = FALSE
	EndGlobalSection
	GlobalSection(ExtensibilityGlobals) = postSolution
		SolutionGuid = {D8B7F748-92B3-465C-AD58-A6A88CBF8B84}
	EndGlobalSection
EndGlobal
